// !$*UTF8*$!
{
	archiveVersion = 1;
	classes = {
	};
	objectVersion = 50;
	objects = {

/* Begin PBXBuildFile section */
		9D9474E522FC0EC700DF7433 /* AppDelegate.swift in Sources */ = {isa = PBXBuildFile; fileRef = 9D9474E422FC0EC700DF7433 /* AppDelegate.swift */; };
		9D9474E722FC0EC700DF7433 /* ViewController.swift in Sources */ = {isa = PBXBuildFile; fileRef = 9D9474E622FC0EC700DF7433 /* ViewController.swift */; };
		9D9474EA22FC0EC700DF7433 /* Main.storyboard in Resources */ = {isa = PBXBuildFile; fileRef = 9D9474E822FC0EC700DF7433 /* Main.storyboard */; };
		9D9474EC22FC0EC900DF7433 /* Assets.xcassets in Resources */ = {isa = PBXBuildFile; fileRef = 9D9474EB22FC0EC900DF7433 /* Assets.xcassets */; };
		9D9474EF22FC0EC900DF7433 /* LaunchScreen.storyboard in Resources */ = {isa = PBXBuildFile; fileRef = 9D9474ED22FC0EC900DF7433 /* LaunchScreen.storyboard */; };
		A641888D5A380DF8B1D0A869 /* Pods_CICDTest.framework in Frameworks */ = {isa = PBXBuildFile; fileRef = C24069C23AA2C1801A633F25 /* Pods_CICDTest.framework */; };
/* End PBXBuildFile section */

/* Begin PBXFileReference section */
		59731033B7FC67A940A685D6 /* Pods-CICDTest.release.xcconfig */ = {isa = PBXFileReference; includeInIndex = 1; lastKnownFileType = text.xcconfig; name = "Pods-CICDTest.release.xcconfig"; path = "Target Support Files/Pods-CICDTest/Pods-CICDTest.release.xcconfig"; sourceTree = "<group>"; };
		7E30CAA9AF4AD9BA2851C540 /* Pods-CICDTest.debug.xcconfig */ = {isa = PBXFileReference; includeInIndex = 1; lastKnownFileType = text.xcconfig; name = "Pods-CICDTest.debug.xcconfig"; path = "Target Support Files/Pods-CICDTest/Pods-CICDTest.debug.xcconfig"; sourceTree = "<group>"; };
		9D9474E122FC0EC700DF7433 /* CICDTest.app */ = {isa = PBXFileReference; explicitFileType = wrapper.application; includeInIndex = 0; path = CICDTest.app; sourceTree = BUILT_PRODUCTS_DIR; };
		9D9474E422FC0EC700DF7433 /* AppDelegate.swift */ = {isa = PBXFileReference; lastKnownFileType = sourcecode.swift; path = AppDelegate.swift; sourceTree = "<group>"; };
		9D9474E622FC0EC700DF7433 /* ViewController.swift */ = {isa = PBXFileReference; lastKnownFileType = sourcecode.swift; path = ViewController.swift; sourceTree = "<group>"; };
		9D9474E922FC0EC700DF7433 /* Base */ = {isa = PBXFileReference; lastKnownFileType = file.storyboard; name = Base; path = Base.lproj/Main.storyboard; sourceTree = "<group>"; };
		9D9474EB22FC0EC900DF7433 /* Assets.xcassets */ = {isa = PBXFileReference; lastKnownFileType = folder.assetcatalog; path = Assets.xcassets; sourceTree = "<group>"; };
		9D9474EE22FC0EC900DF7433 /* Base */ = {isa = PBXFileReference; lastKnownFileType = file.storyboard; name = Base; path = Base.lproj/LaunchScreen.storyboard; sourceTree = "<group>"; };
		9D9474F022FC0EC900DF7433 /* Info.plist */ = {isa = PBXFileReference; lastKnownFileType = text.plist.xml; path = Info.plist; sourceTree = "<group>"; };
		C24069C23AA2C1801A633F25 /* Pods_CICDTest.framework */ = {isa = PBXFileReference; explicitFileType = wrapper.framework; includeInIndex = 0; path = Pods_CICDTest.framework; sourceTree = BUILT_PRODUCTS_DIR; };
/* End PBXFileReference section */

/* Begin PBXFrameworksBuildPhase section */
		9D9474DE22FC0EC700DF7433 /* Frameworks */ = {
			isa = PBXFrameworksBuildPhase;
			buildActionMask = 2147483647;
			files = (
				A641888D5A380DF8B1D0A869 /* Pods_CICDTest.framework in Frameworks */,
			);
			runOnlyForDeploymentPostprocessing = 0;
		};
/* End PBXFrameworksBuildPhase section */

/* Begin PBXGroup section */
		3386DA4D2F603E19FFD04E88 /* Frameworks */ = {
			isa = PBXGroup;
			children = (
				C24069C23AA2C1801A633F25 /* Pods_CICDTest.framework */,
			);
			name = Frameworks;
			sourceTree = "<group>";
		};
		71829CDD70B52F67E8B39523 /* Pods */ = {
			isa = PBXGroup;
			children = (
				7E30CAA9AF4AD9BA2851C540 /* Pods-CICDTest.debug.xcconfig */,
				59731033B7FC67A940A685D6 /* Pods-CICDTest.release.xcconfig */,
			);
			path = Pods;
			sourceTree = "<group>";
		};
		9D9474D822FC0EC700DF7433 = {
			isa = PBXGroup;
			children = (
				9D9474E322FC0EC700DF7433 /* CICDTest */,
				9D9474E222FC0EC700DF7433 /* Products */,
				71829CDD70B52F67E8B39523 /* Pods */,
				3386DA4D2F603E19FFD04E88 /* Frameworks */,
			);
			sourceTree = "<group>";
		};
		9D9474E222FC0EC700DF7433 /* Products */ = {
			isa = PBXGroup;
			children = (
				9D9474E122FC0EC700DF7433 /* CICDTest.app */,
			);
			name = Products;
			sourceTree = "<group>";
		};
		9D9474E322FC0EC700DF7433 /* CICDTest */ = {
			isa = PBXGroup;
			children = (
				9D9474E422FC0EC700DF7433 /* AppDelegate.swift */,
				9D9474E622FC0EC700DF7433 /* ViewController.swift */,
				9D9474E822FC0EC700DF7433 /* Main.storyboard */,
				9D9474EB22FC0EC900DF7433 /* Assets.xcassets */,
				9D9474ED22FC0EC900DF7433 /* LaunchScreen.storyboard */,
				9D9474F022FC0EC900DF7433 /* Info.plist */,
			);
			path = CICDTest;
			sourceTree = "<group>";
		};
/* End PBXGroup section */

/* Begin PBXNativeTarget section */
		9D9474E022FC0EC700DF7433 /* CICDTest */ = {
			isa = PBXNativeTarget;
			buildConfigurationList = 9D9474F322FC0EC900DF7433 /* Build configuration list for PBXNativeTarget "CICDTest" */;
			buildPhases = (
				C9F872ADD91F0181ABCE7C75 /* [CP] Check Pods Manifest.lock */,
				9D9474DD22FC0EC700DF7433 /* Sources */,
				9D9474DE22FC0EC700DF7433 /* Frameworks */,
				9D9474DF22FC0EC700DF7433 /* Resources */,
			);
			buildRules = (
			);
			dependencies = (
			);
			name = CICDTest;
			productName = CICDTest;
			productReference = 9D9474E122FC0EC700DF7433 /* CICDTest.app */;
			productType = "com.apple.product-type.application";
		};
/* End PBXNativeTarget section */

/* Begin PBXProject section */
		9D9474D922FC0EC700DF7433 /* Project object */ = {
			isa = PBXProject;
			attributes = {
				LastSwiftUpdateCheck = 1020;
				LastUpgradeCheck = 1020;
				ORGANIZATIONNAME = sinyi;
				TargetAttributes = {
					9D9474E022FC0EC700DF7433 = {
						CreatedOnToolsVersion = 10.2.1;
					};
				};
			};
			buildConfigurationList = 9D9474DC22FC0EC700DF7433 /* Build configuration list for PBXProject "CICDTest" */;
			compatibilityVersion = "Xcode 9.3";
			developmentRegion = en;
			hasScannedForEncodings = 0;
			knownRegions = (
				en,
				Base,
			);
			mainGroup = 9D9474D822FC0EC700DF7433;
			productRefGroup = 9D9474E222FC0EC700DF7433 /* Products */;
			projectDirPath = "";
			projectRoot = "";
			targets = (
				9D9474E022FC0EC700DF7433 /* CICDTest */,
			);
		};
/* End PBXProject section */

/* Begin PBXResourcesBuildPhase section */
		9D9474DF22FC0EC700DF7433 /* Resources */ = {
			isa = PBXResourcesBuildPhase;
			buildActionMask = 2147483647;
			files = (
				9D9474EF22FC0EC900DF7433 /* LaunchScreen.storyboard in Resources */,
				9D9474EC22FC0EC900DF7433 /* Assets.xcassets in Resources */,
				9D9474EA22FC0EC700DF7433 /* Main.storyboard in Resources */,
			);
			runOnlyForDeploymentPostprocessing = 0;
		};
/* End PBXResourcesBuildPhase section */

/* Begin PBXShellScriptBuildPhase section */
		C9F872ADD91F0181ABCE7C75 /* [CP] Check Pods Manifest.lock */ = {
			isa = PBXShellScriptBuildPhase;
			buildActionMask = 2147483647;
			files = (
			);
			inputFileListPaths = (
			);
			inputPaths = (
				"${PODS_PODFILE_DIR_PATH}/Podfile.lock",
				"${PODS_ROOT}/Manifest.lock",
			);
			name = "[CP] Check Pods Manifest.lock";
			outputFileListPaths = (
			);
			outputPaths = (
				"$(DERIVED_FILE_DIR)/Pods-CICDTest-checkManifestLockResult.txt",
			);
			runOnlyForDeploymentPostprocessing = 0;
			shellPath = /bin/sh;
			shellScript = "diff \"${PODS_PODFILE_DIR_PATH}/Podfile.lock\" \"${PODS_ROOT}/Manifest.lock\" > /dev/null\nif [ $? != 0 ] ; then\n    # print error to STDERR\n    echo \"error: The sandbox is not in sync with the Podfile.lock. Run 'pod install' or update your CocoaPods installation.\" >&2\n    exit 1\nfi\n# This output is used by Xcode 'outputs' to avoid re-running this script phase.\necho \"SUCCESS\" > \"${SCRIPT_OUTPUT_FILE_0}\"\n";
			showEnvVarsInLog = 0;
		};
/* End PBXShellScriptBuildPhase section */

/* Begin PBXSourcesBuildPhase section */
		9D9474DD22FC0EC700DF7433 /* Sources */ = {
			isa = PBXSourcesBuildPhase;
			buildActionMask = 2147483647;
			files = (
				9D9474E722FC0EC700DF7433 /* ViewController.swift in Sources */,
				9D9474E522FC0EC700DF7433 /* AppDelegate.swift in Sources */,
			);
			runOnlyForDeploymentPostprocessing = 0;
		};
/* End PBXSourcesBuildPhase section */

/* Begin PBXVariantGroup section */
		9D9474E822FC0EC700DF7433 /* Main.storyboard */ = {
			isa = PBXVariantGroup;
			children = (
				9D9474E922FC0EC700DF7433 /* Base */,
			);
			name = Main.storyboard;
			sourceTree = "<group>";
		};
		9D9474ED22FC0EC900DF7433 /* LaunchScreen.storyboard */ = {
			isa = PBXVariantGroup;
			children = (
				9D9474EE22FC0EC900DF7433 /* Base */,
			);
			name = LaunchScreen.storyboard;
			sourceTree = "<group>";
		};
/* End PBXVariantGroup section */

/* Begin XCBuildConfiguration section */
		9D9474F122FC0EC900DF7433 /* Debug */ = {
			isa = XCBuildConfiguration;
			buildSettings = {
				ALWAYS_SEARCH_USER_PATHS = NO;
				CLANG_ANALYZER_NONNULL = YES;
				CLANG_ANALYZER_NUMBER_OBJECT_CONVERSION = YES_AGGRESSIVE;
				CLANG_CXX_LANGUAGE_STANDARD = "gnu++14";
				CLANG_CXX_LIBRARY = "libc++";
				CLANG_ENABLE_MODULES = YES;
				CLANG_ENABLE_OBJC_ARC = YES;
				CLANG_ENABLE_OBJC_WEAK = YES;
				CLANG_WARN_BLOCK_CAPTURE_AUTORELEASING = YES;
				CLANG_WARN_BOOL_CONVERSION = YES;
				CLANG_WARN_COMMA = YES;
				CLANG_WARN_CONSTANT_CONVERSION = YES;
				CLANG_WARN_DEPRECATED_OBJC_IMPLEMENTATIONS = YES;
				CLANG_WARN_DIRECT_OBJC_ISA_USAGE = YES_ERROR;
				CLANG_WARN_DOCUMENTATION_COMMENTS = YES;
				CLANG_WARN_EMPTY_BODY = YES;
				CLANG_WARN_ENUM_CONVERSION = YES;
				CLANG_WARN_INFINITE_RECURSION = YES;
				CLANG_WARN_INT_CONVERSION = YES;
				CLANG_WARN_NON_LITERAL_NULL_CONVERSION = YES;
				CLANG_WARN_OBJC_IMPLICIT_RETAIN_SELF = YES;
				CLANG_WARN_OBJC_LITERAL_CONVERSION = YES;
				CLANG_WARN_OBJC_ROOT_CLASS = YES_ERROR;
				CLANG_WARN_RANGE_LOOP_ANALYSIS = YES;
				CLANG_WARN_STRICT_PROTOTYPES = YES;
				CLANG_WARN_SUSPICIOUS_MOVE = YES;
				CLANG_WARN_UNGUARDED_AVAILABILITY = YES_AGGRESSIVE;
				CLANG_WARN_UNREACHABLE_CODE = YES;
				CLANG_WARN__DUPLICATE_METHOD_MATCH = YES;
				CODE_SIGN_IDENTITY = "iPhone Developer";
				COPY_PHASE_STRIP = NO;
				DEBUG_INFORMATION_FORMAT = dwarf;
				ENABLE_STRICT_OBJC_MSGSEND = YES;
				ENABLE_TESTABILITY = YES;
				GCC_C_LANGUAGE_STANDARD = gnu11;
				GCC_DYNAMIC_NO_PIC = NO;
				GCC_NO_COMMON_BLOCKS = YES;
				GCC_OPTIMIZATION_LEVEL = 0;
				GCC_PREPROCESSOR_DEFINITIONS = (
					"DEBUG=1",
					"$(inherited)",
				);
				GCC_WARN_64_TO_32_BIT_CONVERSION = YES;
				GCC_WARN_ABOUT_RETURN_TYPE = YES_ERROR;
				GCC_WARN_UNDECLARED_SELECTOR = YES;
				GCC_WARN_UNINITIALIZED_AUTOS = YES_AGGRESSIVE;
				GCC_WARN_UNUSED_FUNCTION = YES;
				GCC_WARN_UNUSED_VARIABLE = YES;
				IPHONEOS_DEPLOYMENT_TARGET = 12.2;
				MTL_ENABLE_DEBUG_INFO = INCLUDE_SOURCE;
				MTL_FAST_MATH = YES;
				ONLY_ACTIVE_ARCH = YES;
				SDKROOT = iphoneos;
				SWIFT_ACTIVE_COMPILATION_CONDITIONS = DEBUG;
				SWIFT_OPTIMIZATION_LEVEL = "-Onone";
			};
			name = Debug;
		};
		9D9474F222FC0EC900DF7433 /* Release */ = {
			isa = XCBuildConfiguration;
			buildSettings = {
				ALWAYS_SEARCH_USER_PATHS = NO;
				CLANG_ANALYZER_NONNULL = YES;
				CLANG_ANALYZER_NUMBER_OBJECT_CONVERSION = YES_AGGRESSIVE;
				CLANG_CXX_LANGUAGE_STANDARD = "gnu++14";
				CLANG_CXX_LIBRARY = "libc++";
				CLANG_ENABLE_MODULES = YES;
				CLANG_ENABLE_OBJC_ARC = YES;
				CLANG_ENABLE_OBJC_WEAK = YES;
				CLANG_WARN_BLOCK_CAPTURE_AUTORELEASING = YES;
				CLANG_WARN_BOOL_CONVERSION = YES;
				CLANG_WARN_COMMA = YES;
				CLANG_WARN_CONSTANT_CONVERSION = YES;
				CLANG_WARN_DEPRECATED_OBJC_IMPLEMENTATIONS = YES;
				CLANG_WARN_DIRECT_OBJC_ISA_USAGE = YES_ERROR;
				CLANG_WARN_DOCUMENTATION_COMMENTS = YES;
				CLANG_WARN_EMPTY_BODY = YES;
				CLANG_WARN_ENUM_CONVERSION = YES;
				CLANG_WARN_INFINITE_RECURSION = YES;
				CLANG_WARN_INT_CONVERSION = YES;
				CLANG_WARN_NON_LITERAL_NULL_CONVERSION = YES;
				CLANG_WARN_OBJC_IMPLICIT_RETAIN_SELF = YES;
				CLANG_WARN_OBJC_LITERAL_CONVERSION = YES;
				CLANG_WARN_OBJC_ROOT_CLASS = YES_ERROR;
				CLANG_WARN_RANGE_LOOP_ANALYSIS = YES;
				CLANG_WARN_STRICT_PROTOTYPES = YES;
				CLANG_WARN_SUSPICIOUS_MOVE = YES;
				CLANG_WARN_UNGUARDED_AVAILABILITY = YES_AGGRESSIVE;
				CLANG_WARN_UNREACHABLE_CODE = YES;
				CLANG_WARN__DUPLICATE_METHOD_MATCH = YES;
				CODE_SIGN_IDENTITY = "iPhone Developer";
				COPY_PHASE_STRIP = NO;
				DEBUG_INFORMATION_FORMAT = "dwarf-with-dsym";
				ENABLE_NS_ASSERTIONS = NO;
				ENABLE_STRICT_OBJC_MSGSEND = YES;
				GCC_C_LANGUAGE_STANDARD = gnu11;
				GCC_NO_COMMON_BLOCKS = YES;
				GCC_WARN_64_TO_32_BIT_CONVERSION = YES;
				GCC_WARN_ABOUT_RETURN_TYPE = YES_ERROR;
				GCC_WARN_UNDECLARED_SELECTOR = YES;
				GCC_WARN_UNINITIALIZED_AUTOS = YES_AGGRESSIVE;
				GCC_WARN_UNUSED_FUNCTION = YES;
				GCC_WARN_UNUSED_VARIABLE = YES;
				IPHONEOS_DEPLOYMENT_TARGET = 12.2;
				MTL_ENABLE_DEBUG_INFO = NO;
				MTL_FAST_MATH = YES;
				SDKROOT = iphoneos;
				SWIFT_COMPILATION_MODE = wholemodule;
				SWIFT_OPTIMIZATION_LEVEL = "-O";
				VALIDATE_PRODUCT = YES;
			};
			name = Release;
		};
		9D9474F422FC0EC900DF7433 /* Debug */ = {
			isa = XCBuildConfiguration;
			baseConfigurationReference = 7E30CAA9AF4AD9BA2851C540 /* Pods-CICDTest.debug.xcconfig */;
			buildSettings = {
				ASSETCATALOG_COMPILER_APPICON_NAME = AppIcon;
				CODE_SIGN_IDENTITY = "iPhone Developer";
				CODE_SIGN_STYLE = Automatic;
				DEVELOPMENT_TEAM = DZJDGXKN9N;
				INFOPLIST_FILE = CICDTest/Info.plist;
				LD_RUNPATH_SEARCH_PATHS = (
					"$(inherited)",
					"@executable_path/Frameworks",
				);
				PRODUCT_BUNDLE_IDENTIFIER = com.irvinghuang.CICDTest;
				PRODUCT_NAME = "$(TARGET_NAME)";
				PROVISIONING_PROFILE_SPECIFIER = "";
				SWIFT_VERSION = 5.0;
				TARGETED_DEVICE_FAMILY = "1,2";
			};
			name = Debug;
		};
		9D9474F522FC0EC900DF7433 /* Release */ = {
			isa = XCBuildConfiguration;
			baseConfigurationReference = 59731033B7FC67A940A685D6 /* Pods-CICDTest.release.xcconfig */;
			buildSettings = {
				ASSETCATALOG_COMPILER_APPICON_NAME = AppIcon;
				CODE_SIGN_IDENTITY = "iPhone Developer";
				CODE_SIGN_STYLE = Automatic;
				DEVELOPMENT_TEAM = DZJDGXKN9N;
				INFOPLIST_FILE = CICDTest/Info.plist;
				LD_RUNPATH_SEARCH_PATHS = (
					"$(inherited)",
					"@executable_path/Frameworks",
				);
				PRODUCT_BUNDLE_IDENTIFIER = com.irvinghuang.CICDTest;
				PRODUCT_NAME = "$(TARGET_NAME)";
				PROVISIONING_PROFILE_SPECIFIER = "";
				SWIFT_VERSION = 5.0;
				TARGETED_DEVICE_FAMILY = "1,2";
			};
			name = Release;
		};
/* End XCBuildConfiguration section */

/* Begin XCConfigurationList section */
		9D9474DC22FC0EC700DF7433 /* Build configuration list for PBXProject "CICDTest" */ = {
			isa = XCConfigurationList;
			buildConfigurations = (
				9D9474F122FC0EC900DF7433 /* Debug */,
				9D9474F222FC0EC900DF7433 /* Release */,
			);
			defaultConfigurationIsVisible = 0;
			defaultConfigurationName = Release;
		};
		9D9474F322FC0EC900DF7433 /* Build configuration list for PBXNativeTarget "CICDTest" */ = {
			isa = XCConfigurationList;
			buildConfigurations = (
				9D9474F422FC0EC900DF7433 /* Debug */,
				9D9474F522FC0EC900DF7433 /* Release */,
			);
			defaultConfigurationIsVisible = 0;
			defaultConfigurationName = Release;
		};
/* End XCConfigurationList section */
	};
	rootObject = 9D9474D922FC0EC700DF7433 /* Project object */;
}
